
Microsoft Visual Studio Solution File, Format Version 12.00
# Visual Studio Version 17
VisualStudioVersion = 17.9.34701.34
MinimumVisualStudioVersion = 10.0.40219.1
Project("{FAE04EC0-301F-11D3-BF4B-00C04F79EFBC}") = "ADO.NET_17.05", "ADO.NET_17.05\ADO.NET_17.05.csproj", "{321C7278-A3E6-4286-A809-7CC9AE823912}"
EndProject
Project("{FAE04EC0-301F-11D3-BF4B-00C04F79EFBC}") = "GameData", "GameData\GameData.csproj", "{020D94FD-EEAF-4498-BD18-7879E90D7C21}"
EndProject
Project("{FAE04EC0-301F-11D3-BF4B-00C04F79EFBC}") = "Models", "Models\Models.csproj", "{5227CD8D-D3E4-42A4-8D9D-E93C846C185A}"
EndProject
Global
	GlobalSection(SolutionConfigurationPlatforms) = preSolution
		Debug|Any CPU = Debug|Any CPU
		Release|Any CPU = Release|Any CPU
	EndGlobalSection
	GlobalSection(ProjectConfigurationPlatforms) = postSolution
		{321C7278-A3E6-4286-A809-7CC9AE823912}.Debug|Any CPU.ActiveCfg = Debug|Any CPU
		{321C7278-A3E6-4286-A809-7CC9AE823912}.Debug|Any CPU.Build.0 = Debug|Any CPU
		{321C7278-A3E6-4286-A809-7CC9AE823912}.Release|Any CPU.ActiveCfg = Release|Any CPU
		{321C7278-A3E6-4286-A809-7CC9AE823912}.Release|Any CPU.Build.0 = Release|Any CPU
		{020D94FD-EEAF-4498-BD18-7879E90D7C21}.Debug|Any CPU.ActiveCfg = Debug|Any CPU
		{020D94FD-EEAF-4498-BD18-7879E90D7C21}.Debug|Any CPU.Build.0 = Debug|Any CPU
		{020D94FD-EEAF-4498-BD18-7879E90D7C21}.Release|Any CPU.ActiveCfg = Release|Any CPU
		{020D94FD-EEAF-4498-BD18-7879E90D7C21}.Release|Any CPU.Build.0 = Release|Any CPU
		{5227CD8D-D3E4-42A4-8D9D-E93C846C185A}.Debug|Any CPU.ActiveCfg = Debug|Any CPU
		{5227CD8D-D3E4-42A4-8D9D-E93C846C185A}.Debug|Any CPU.Build.0 = Debug|Any CPU
		{5227CD8D-D3E4-42A4-8D9D-E93C846C185A}.Release|Any CPU.ActiveCfg = Release|Any CPU
		{5227CD8D-D3E4-42A4-8D9D-E93C846C185A}.Release|Any CPU.Build.0 = Release|Any CPU
	EndGlobalSection
	GlobalSection(SolutionProperties) = preSolution
		HideSolutionNode = FALSE
	EndGlobalSection
	GlobalSection(ExtensibilityGlobals) = postSolution
		SolutionGuid = {A10461A7-621C-4E40-8546-402018D0B6EE}
	EndGlobalSection
EndGlobal
